
Microsoft Visual Studio Solution File, Format Version 12.00
# Visual Studio Version 16
VisualStudioVersion = 16.0.31005.135
MinimumVisualStudioVersion = 10.0.40219.1
Project("{9A19103F-16F7-4668-BE54-9A1E7A4F7556}") = "M01_Grundlagen", "HelloWPF\M01_Grundlagen.csproj", "{4CEE82B4-E666-4871-8539-42A5F979AD26}"
EndProject
Project("{9A19103F-16F7-4668-BE54-9A1E7A4F7556}") = "M02_Controls", "Controls\M02_Controls.csproj", "{94FA3C3E-8F5E-40ED-883A-52CAB3C1104C}"
EndProject
Project("{9A19103F-16F7-4668-BE54-9A1E7A4F7556}") = "Personendatenbank", "Personendatenbank\Personendatenbank.csproj", "{28758387-0DA2-47E4-B594-F2DF916F387D}"
EndProject
Project("{9A19103F-16F7-4668-BE54-9A1E7A4F7556}") = "M03_Container", "Container\M03_Container.csproj", "{0D75A42F-7F99-42E9-B004-7E1C6EEA833A}"
EndProject
Project("{9A19103F-16F7-4668-BE54-9A1E7A4F7556}") = "M04_EventHandling", "EventHandling\M04_EventHandling.csproj", "{D6EAC906-9933-4C76-AC6B-5E4225A9A26E}"
EndProject
Project("{9A19103F-16F7-4668-BE54-9A1E7A4F7556}") = "M05_PropertyBinding", "PropertyBinding\M05_PropertyBinding.csproj", "{BD4645EE-8CE3-4E47-B608-34AA70002639}"
EndProject
Project("{9A19103F-16F7-4668-BE54-9A1E7A4F7556}") = "ColorPicker", "ColorPicker\ColorPicker.csproj", "{7AA4A7E8-35C2-4B93-B5C0-5105D4DD99BB}"
EndProject
Project("{9A19103F-16F7-4668-BE54-9A1E7A4F7556}") = "M06_DataBinding", "DataBinding\M06_DataBinding.csproj", "{471FB69E-07EA-4C34-B7B7-E6F03E7F529F}"
EndProject
Project("{9A19103F-16F7-4668-BE54-9A1E7A4F7556}") = "M07_Resources_Styles", "Resources_Styles\M07_Resources_Styles.csproj", "{1603AA97-2A84-4ABB-A14C-E4A6D69A1BB0}"
EndProject
Project("{9A19103F-16F7-4668-BE54-9A1E7A4F7556}") = "M08_Templates", "Templates\M08_Templates.csproj", "{E2D959C8-024E-41CC-B1F0-94F82AECE9B2}"
EndProject
Project("{9A19103F-16F7-4668-BE54-9A1E7A4F7556}") = "M09_Validation", "Validation\M09_Validation.csproj", "{B91FAAD2-D0ED-4BEC-942F-7843690A5E6C}"
EndProject
Project("{9A19103F-16F7-4668-BE54-9A1E7A4F7556}") = "M10_Trigger", "Trigger\M10_Trigger.csproj", "{CBD9E9F7-8AF7-453F-ABD5-A8C9CC347B83}"
EndProject
Project("{9A19103F-16F7-4668-BE54-9A1E7A4F7556}") = "M11_UserControls", "UserControls\M11_UserControls.csproj", "{3E48D37C-98CF-4B95-A265-7B2FEBF3FFE0}"
EndProject
Project("{FAE04EC0-301F-11D3-BF4B-00C04F79EFBC}") = "Commands", "Commands\Commands.csproj", "{4DE60CBF-1333-4FD6-A31B-BD95D913AF85}"
EndProject
Project("{FAE04EC0-301F-11D3-BF4B-00C04F79EFBC}") = "MVVM", "MVVM\MVVM.csproj", "{1658E4DA-39B7-44F3-BDB9-86C3DC67D0A5}"
EndProject
Global
	GlobalSection(SolutionConfigurationPlatforms) = preSolution
		Debug|Any CPU = Debug|Any CPU
		Release|Any CPU = Release|Any CPU
	EndGlobalSection
	GlobalSection(ProjectConfigurationPlatforms) = postSolution
		{4CEE82B4-E666-4871-8539-42A5F979AD26}.Debug|Any CPU.ActiveCfg = Debug|Any CPU
		{4CEE82B4-E666-4871-8539-42A5F979AD26}.Debug|Any CPU.Build.0 = Debug|Any CPU
		{4CEE82B4-E666-4871-8539-42A5F979AD26}.Release|Any CPU.ActiveCfg = Release|Any CPU
		{4CEE82B4-E666-4871-8539-42A5F979AD26}.Release|Any CPU.Build.0 = Release|Any CPU
		{94FA3C3E-8F5E-40ED-883A-52CAB3C1104C}.Debug|Any CPU.ActiveCfg = Debug|Any CPU
		{94FA3C3E-8F5E-40ED-883A-52CAB3C1104C}.Debug|Any CPU.Build.0 = Debug|Any CPU
		{94FA3C3E-8F5E-40ED-883A-52CAB3C1104C}.Release|Any CPU.ActiveCfg = Release|Any CPU
		{94FA3C3E-8F5E-40ED-883A-52CAB3C1104C}.Release|Any CPU.Build.0 = Release|Any CPU
		{28758387-0DA2-47E4-B594-F2DF916F387D}.Debug|Any CPU.ActiveCfg = Debug|Any CPU
		{28758387-0DA2-47E4-B594-F2DF916F387D}.Debug|Any CPU.Build.0 = Debug|Any CPU
		{28758387-0DA2-47E4-B594-F2DF916F387D}.Release|Any CPU.ActiveCfg = Release|Any CPU
		{28758387-0DA2-47E4-B594-F2DF916F387D}.Release|Any CPU.Build.0 = Release|Any CPU
		{0D75A42F-7F99-42E9-B004-7E1C6EEA833A}.Debug|Any CPU.ActiveCfg = Debug|Any CPU
		{0D75A42F-7F99-42E9-B004-7E1C6EEA833A}.Debug|Any CPU.Build.0 = Debug|Any CPU
		{0D75A42F-7F99-42E9-B004-7E1C6EEA833A}.Release|Any CPU.ActiveCfg = Release|Any CPU
		{0D75A42F-7F99-42E9-B004-7E1C6EEA833A}.Release|Any CPU.Build.0 = Release|Any CPU
		{D6EAC906-9933-4C76-AC6B-5E4225A9A26E}.Debug|Any CPU.ActiveCfg = Debug|Any CPU
		{D6EAC906-9933-4C76-AC6B-5E4225A9A26E}.Debug|Any CPU.Build.0 = Debug|Any CPU
		{D6EAC906-9933-4C76-AC6B-5E4225A9A26E}.Release|Any CPU.ActiveCfg = Release|Any CPU
		{D6EAC906-9933-4C76-AC6B-5E4225A9A26E}.Release|Any CPU.Build.0 = Release|Any CPU
		{BD4645EE-8CE3-4E47-B608-34AA70002639}.Debug|Any CPU.ActiveCfg = Debug|Any CPU
		{BD4645EE-8CE3-4E47-B608-34AA70002639}.Debug|Any CPU.Build.0 = Debug|Any CPU
		{BD4645EE-8CE3-4E47-B608-34AA70002639}.Release|Any CPU.ActiveCfg = Release|Any CPU
		{BD4645EE-8CE3-4E47-B608-34AA70002639}.Release|Any CPU.Build.0 = Release|Any CPU
		{7AA4A7E8-35C2-4B93-B5C0-5105D4DD99BB}.Debug|Any CPU.ActiveCfg = Debug|Any CPU
		{7AA4A7E8-35C2-4B93-B5C0-5105D4DD99BB}.Debug|Any CPU.Build.0 = Debug|Any CPU
		{7AA4A7E8-35C2-4B93-B5C0-5105D4DD99BB}.Release|Any CPU.ActiveCfg = Release|Any CPU
		{7AA4A7E8-35C2-4B93-B5C0-5105D4DD99BB}.Release|Any CPU.Build.0 = Release|Any CPU
		{471FB69E-07EA-4C34-B7B7-E6F03E7F529F}.Debug|Any CPU.ActiveCfg = Debug|Any CPU
		{471FB69E-07EA-4C34-B7B7-E6F03E7F529F}.Debug|Any CPU.Build.0 = Debug|Any CPU
		{471FB69E-07EA-4C34-B7B7-E6F03E7F529F}.Release|Any CPU.ActiveCfg = Release|Any CPU
		{471FB69E-07EA-4C34-B7B7-E6F03E7F529F}.Release|Any CPU.Build.0 = Release|Any CPU
		{1603AA97-2A84-4ABB-A14C-E4A6D69A1BB0}.Debug|Any CPU.ActiveCfg = Debug|Any CPU
		{1603AA97-2A84-4ABB-A14C-E4A6D69A1BB0}.Debug|Any CPU.Build.0 = Debug|Any CPU
		{1603AA97-2A84-4ABB-A14C-E4A6D69A1BB0}.Release|Any CPU.ActiveCfg = Release|Any CPU
		{1603AA97-2A84-4ABB-A14C-E4A6D69A1BB0}.Release|Any CPU.Build.0 = Release|Any CPU
		{E2D959C8-024E-41CC-B1F0-94F82AECE9B2}.Debug|Any CPU.ActiveCfg = Debug|Any CPU
		{E2D959C8-024E-41CC-B1F0-94F82AECE9B2}.Debug|Any CPU.Build.0 = Debug|Any CPU
		{E2D959C8-024E-41CC-B1F0-94F82AECE9B2}.Release|Any CPU.ActiveCfg = Release|Any CPU
		{E2D959C8-024E-41CC-B1F0-94F82AECE9B2}.Release|Any CPU.Build.0 = Release|Any CPU
		{B91FAAD2-D0ED-4BEC-942F-7843690A5E6C}.Debug|Any CPU.ActiveCfg = Debug|Any CPU
		{B91FAAD2-D0ED-4BEC-942F-7843690A5E6C}.Debug|Any CPU.Build.0 = Debug|Any CPU
		{B91FAAD2-D0ED-4BEC-942F-7843690A5E6C}.Release|Any CPU.ActiveCfg = Release|Any CPU
		{B91FAAD2-D0ED-4BEC-942F-7843690A5E6C}.Release|Any CPU.Build.0 = Release|Any CPU
		{CBD9E9F7-8AF7-453F-ABD5-A8C9CC347B83}.Debug|Any CPU.ActiveCfg = Debug|Any CPU
		{CBD9E9F7-8AF7-453F-ABD5-A8C9CC347B83}.Debug|Any CPU.Build.0 = Debug|Any CPU
		{CBD9E9F7-8AF7-453F-ABD5-A8C9CC347B83}.Release|Any CPU.ActiveCfg = Release|Any CPU
		{CBD9E9F7-8AF7-453F-ABD5-A8C9CC347B83}.Release|Any CPU.Build.0 = Release|Any CPU
		{3E48D37C-98CF-4B95-A265-7B2FEBF3FFE0}.Debug|Any CPU.ActiveCfg = Debug|Any CPU
		{3E48D37C-98CF-4B95-A265-7B2FEBF3FFE0}.Debug|Any CPU.Build.0 = Debug|Any CPU
		{3E48D37C-98CF-4B95-A265-7B2FEBF3FFE0}.Release|Any CPU.ActiveCfg = Release|Any CPU
		{3E48D37C-98CF-4B95-A265-7B2FEBF3FFE0}.Release|Any CPU.Build.0 = Release|Any CPU
		{4DE60CBF-1333-4FD6-A31B-BD95D913AF85}.Debug|Any CPU.ActiveCfg = Debug|Any CPU
		{4DE60CBF-1333-4FD6-A31B-BD95D913AF85}.Debug|Any CPU.Build.0 = Debug|Any CPU
		{4DE60CBF-1333-4FD6-A31B-BD95D913AF85}.Release|Any CPU.ActiveCfg = Release|Any CPU
		{4DE60CBF-1333-4FD6-A31B-BD95D913AF85}.Release|Any CPU.Build.0 = Release|Any CPU
		{1658E4DA-39B7-44F3-BDB9-86C3DC67D0A5}.Debug|Any CPU.ActiveCfg = Debug|Any CPU
		{1658E4DA-39B7-44F3-BDB9-86C3DC67D0A5}.Debug|Any CPU.Build.0 = Debug|Any CPU
		{1658E4DA-39B7-44F3-BDB9-86C3DC67D0A5}.Release|Any CPU.ActiveCfg = Release|Any CPU
		{1658E4DA-39B7-44F3-BDB9-86C3DC67D0A5}.Release|Any CPU.Build.0 = Release|Any CPU
	EndGlobalSection
	GlobalSection(SolutionProperties) = preSolution
		HideSolutionNode = FALSE
	EndGlobalSection
	GlobalSection(ExtensibilityGlobals) = postSolution
		SolutionGuid = {AFB6AF0E-E5C0-4A8A-9795-AF0E635C2072}
	EndGlobalSection
EndGlobal
